// !$*UTF8*$!
{
	archiveVersion = 1;
	classes = {
	};
	objectVersion = 56;
	objects = {

/* Begin PBXBuildFile section */
		E0033CAC2C53B3A300DEBB4E /* pxiosdemoApp.swift in Sources */ = {isa = PBXBuildFile; fileRef = E0033CAB2C53B3A300DEBB4E /* pxiosdemoApp.swift */; };
		E0033CAE2C53B3A300DEBB4E /* ContentView.swift in Sources */ = {isa = PBXBuildFile; fileRef = E0033CAD2C53B3A300DEBB4E /* ContentView.swift */; };
		E0033CB02C53B3A500DEBB4E /* Assets.xcassets in Resources */ = {isa = PBXBuildFile; fileRef = E0033CAF2C53B3A500DEBB4E /* Assets.xcassets */; };
		E0033CB32C53B3A500DEBB4E /* Preview Assets.xcassets in Resources */ = {isa = PBXBuildFile; fileRef = E0033CB22C53B3A500DEBB4E /* Preview Assets.xcassets */; };
		E0033CBD2C53B54700DEBB4E /* SdkPushExpress in Frameworks */ = {isa = PBXBuildFile; productRef = E0033CBC2C53B54700DEBB4E /* SdkPushExpress */; };
		E0033CBF2C53B59F00DEBB4E /* AppDelegate.swift in Sources */ = {isa = PBXBuildFile; fileRef = E0033CBE2C53B59F00DEBB4E /* AppDelegate.swift */; };
		E0033CC72C53BBAD00DEBB4E /* NotificationService.swift in Sources */ = {isa = PBXBuildFile; fileRef = E0033CC62C53BBAD00DEBB4E /* NotificationService.swift */; };
		E0033CCB2C53BBAD00DEBB4E /* notificationsvc.appex in Embed Foundation Extensions */ = {isa = PBXBuildFile; fileRef = E0033CC42C53BBAD00DEBB4E /* notificationsvc.appex */; settings = {ATTRIBUTES = (RemoveHeadersOnCopy, ); }; };
		E0033CD42C53BCEE00DEBB4E /* SdkPushExpress in Frameworks */ = {isa = PBXBuildFile; productRef = E0033CD32C53BCEE00DEBB4E /* SdkPushExpress */; };
/* End PBXBuildFile section */

/* Begin PBXContainerItemProxy section */
		E0033CC92C53BBAD00DEBB4E /* PBXContainerItemProxy */ = {
			isa = PBXContainerItemProxy;
			containerPortal = E0033CA02C53B3A300DEBB4E /* Project object */;
			proxyType = 1;
			remoteGlobalIDString = E0033CC32C53BBAD00DEBB4E;
			remoteInfo = notificationsvc;
		};
/* End PBXContainerItemProxy section */

/* Begin PBXCopyFilesBuildPhase section */
		E0033CCF2C53BBAD00DEBB4E /* Embed Foundation Extensions */ = {
			isa = PBXCopyFilesBuildPhase;
			buildActionMask = 2147483647;
			dstPath = "";
			dstSubfolderSpec = 13;
			files = (
				E0033CCB2C53BBAD00DEBB4E /* notificationsvc.appex in Embed Foundation Extensions */,
			);
			name = "Embed Foundation Extensions";
			runOnlyForDeploymentPostprocessing = 0;
		};
/* End PBXCopyFilesBuildPhase section */

/* Begin PBXFileReference section */
		E0033CA82C53B3A300DEBB4E /* pxiosdemo.app */ = {isa = PBXFileReference; explicitFileType = wrapper.application; includeInIndex = 0; path = pxiosdemo.app; sourceTree = BUILT_PRODUCTS_DIR; };
		E0033CAB2C53B3A300DEBB4E /* pxiosdemoApp.swift */ = {isa = PBXFileReference; lastKnownFileType = sourcecode.swift; path = pxiosdemoApp.swift; sourceTree = "<group>"; };
		E0033CAD2C53B3A300DEBB4E /* ContentView.swift */ = {isa = PBXFileReference; lastKnownFileType = sourcecode.swift; path = ContentView.swift; sourceTree = "<group>"; };
		E0033CAF2C53B3A500DEBB4E /* Assets.xcassets */ = {isa = PBXFileReference; lastKnownFileType = folder.assetcatalog; path = Assets.xcassets; sourceTree = "<group>"; };
		E0033CB22C53B3A500DEBB4E /* Preview Assets.xcassets */ = {isa = PBXFileReference; lastKnownFileType = folder.assetcatalog; path = "Preview Assets.xcassets"; sourceTree = "<group>"; };
		E0033CB92C53B4A200DEBB4E /* Info.plist */ = {isa = PBXFileReference; lastKnownFileType = text.plist; path = Info.plist; sourceTree = "<group>"; };
		E0033CBA2C53B4A900DEBB4E /* pxiosdemo.entitlements */ = {isa = PBXFileReference; lastKnownFileType = text.plist.entitlements; path = pxiosdemo.entitlements; sourceTree = "<group>"; };
		E0033CBE2C53B59F00DEBB4E /* AppDelegate.swift */ = {isa = PBXFileReference; lastKnownFileType = sourcecode.swift; path = AppDelegate.swift; sourceTree = "<group>"; };
		E0033CC42C53BBAD00DEBB4E /* notificationsvc.appex */ = {isa = PBXFileReference; explicitFileType = "wrapper.app-extension"; includeInIndex = 0; path = notificationsvc.appex; sourceTree = BUILT_PRODUCTS_DIR; };
		E0033CC62C53BBAD00DEBB4E /* NotificationService.swift */ = {isa = PBXFileReference; lastKnownFileType = sourcecode.swift; path = NotificationService.swift; sourceTree = "<group>"; };
		E0033CC82C53BBAD00DEBB4E /* Info.plist */ = {isa = PBXFileReference; lastKnownFileType = text.plist.xml; path = Info.plist; sourceTree = "<group>"; };
/* End PBXFileReference section */

/* Begin PBXFrameworksBuildPhase section */
		E0033CA52C53B3A300DEBB4E /* Frameworks */ = {
			isa = PBXFrameworksBuildPhase;
			buildActionMask = 2147483647;
			files = (
				E0033CBD2C53B54700DEBB4E /* SdkPushExpress in Frameworks */,
			);
			runOnlyForDeploymentPostprocessing = 0;
		};
		E0033CC12C53BBAD00DEBB4E /* Frameworks */ = {
			isa = PBXFrameworksBuildPhase;
			buildActionMask = 2147483647;
			files = (
				E0033CD42C53BCEE00DEBB4E /* SdkPushExpress in Frameworks */,
			);
			runOnlyForDeploymentPostprocessing = 0;
		};
/* End PBXFrameworksBuildPhase section */

/* Begin PBXGroup section */
		E0033C9F2C53B3A300DEBB4E = {
			isa = PBXGroup;
			children = (
				E0033CAA2C53B3A300DEBB4E /* pxiosdemo */,
				E0033CC52C53BBAD00DEBB4E /* notificationsvc */,
				E0033CA92C53B3A300DEBB4E /* Products */,
				E0033CD02C53BC7400DEBB4E /* Frameworks */,
			);
			sourceTree = "<group>";
		};
		E0033CA92C53B3A300DEBB4E /* Products */ = {
			isa = PBXGroup;
			children = (
				E0033CA82C53B3A300DEBB4E /* pxiosdemo.app */,
				E0033CC42C53BBAD00DEBB4E /* notificationsvc.appex */,
			);
			name = Products;
			sourceTree = "<group>";
		};
		E0033CAA2C53B3A300DEBB4E /* pxiosdemo */ = {
			isa = PBXGroup;
			children = (
				E0033CBA2C53B4A900DEBB4E /* pxiosdemo.entitlements */,
				E0033CB92C53B4A200DEBB4E /* Info.plist */,
				E0033CAB2C53B3A300DEBB4E /* pxiosdemoApp.swift */,
				E0033CBE2C53B59F00DEBB4E /* AppDelegate.swift */,
				E0033CAD2C53B3A300DEBB4E /* ContentView.swift */,
				E0033CAF2C53B3A500DEBB4E /* Assets.xcassets */,
				E0033CB12C53B3A500DEBB4E /* Preview Content */,
			);
			path = pxiosdemo;
			sourceTree = "<group>";
		};
		E0033CB12C53B3A500DEBB4E /* Preview Content */ = {
			isa = PBXGroup;
			children = (
				E0033CB22C53B3A500DEBB4E /* Preview Assets.xcassets */,
			);
			path = "Preview Content";
			sourceTree = "<group>";
		};
		E0033CC52C53BBAD00DEBB4E /* notificationsvc */ = {
			isa = PBXGroup;
			children = (
				E0033CC62C53BBAD00DEBB4E /* NotificationService.swift */,
				E0033CC82C53BBAD00DEBB4E /* Info.plist */,
			);
			path = notificationsvc;
			sourceTree = "<group>";
		};
		E0033CD02C53BC7400DEBB4E /* Frameworks */ = {
			isa = PBXGroup;
			children = (
			);
			name = Frameworks;
			sourceTree = "<group>";
		};
/* End PBXGroup section */

/* Begin PBXNativeTarget section */
		E0033CA72C53B3A300DEBB4E /* pxiosdemo */ = {
			isa = PBXNativeTarget;
			buildConfigurationList = E0033CB62C53B3A500DEBB4E /* Build configuration list for PBXNativeTarget "pxiosdemo" */;
			buildPhases = (
				E0033CA42C53B3A300DEBB4E /* Sources */,
				E0033CA52C53B3A300DEBB4E /* Frameworks */,
				E0033CA62C53B3A300DEBB4E /* Resources */,
				E0033CCF2C53BBAD00DEBB4E /* Embed Foundation Extensions */,
			);
			buildRules = (
			);
			dependencies = (
				E0033CCA2C53BBAD00DEBB4E /* PBXTargetDependency */,
			);
			name = pxiosdemo;
			packageProductDependencies = (
				E0033CBC2C53B54700DEBB4E /* SdkPushExpress */,
			);
			productName = pxiosdemo;
			productReference = E0033CA82C53B3A300DEBB4E /* pxiosdemo.app */;
			productType = "com.apple.product-type.application";
		};
		E0033CC32C53BBAD00DEBB4E /* notificationsvc */ = {
			isa = PBXNativeTarget;
			buildConfigurationList = E0033CCC2C53BBAD00DEBB4E /* Build configuration list for PBXNativeTarget "notificationsvc" */;
			buildPhases = (
				E0033CC02C53BBAD00DEBB4E /* Sources */,
				E0033CC12C53BBAD00DEBB4E /* Frameworks */,
				E0033CC22C53BBAD00DEBB4E /* Resources */,
			);
			buildRules = (
			);
			dependencies = (
			);
			name = notificationsvc;
			packageProductDependencies = (
				E0033CD32C53BCEE00DEBB4E /* SdkPushExpress */,
			);
			productName = notificationsvc;
			productReference = E0033CC42C53BBAD00DEBB4E /* notificationsvc.appex */;
			productType = "com.apple.product-type.app-extension";
		};
/* End PBXNativeTarget section */

/* Begin PBXProject section */
		E0033CA02C53B3A300DEBB4E /* Project object */ = {
			isa = PBXProject;
			attributes = {
				BuildIndependentTargetsInParallel = 1;
				LastSwiftUpdateCheck = 1540;
				LastUpgradeCheck = 1540;
				TargetAttributes = {
					E0033CA72C53B3A300DEBB4E = {
						CreatedOnToolsVersion = 15.4;
					};
					E0033CC32C53BBAD00DEBB4E = {
						CreatedOnToolsVersion = 15.4;
					};
				};
			};
			buildConfigurationList = E0033CA32C53B3A300DEBB4E /* Build configuration list for PBXProject "pxiosdemo" */;
			compatibilityVersion = "Xcode 14.0";
			developmentRegion = en;
			hasScannedForEncodings = 0;
			knownRegions = (
				en,
				Base,
			);
			mainGroup = E0033C9F2C53B3A300DEBB4E;
			packageReferences = (
				E0033CBB2C53B54700DEBB4E /* XCRemoteSwiftPackageReference "pushexpress-swift-sdk" */,
			);
			productRefGroup = E0033CA92C53B3A300DEBB4E /* Products */;
			projectDirPath = "";
			projectRoot = "";
			targets = (
				E0033CA72C53B3A300DEBB4E /* pxiosdemo */,
				E0033CC32C53BBAD00DEBB4E /* notificationsvc */,
			);
		};
/* End PBXProject section */

/* Begin PBXResourcesBuildPhase section */
		E0033CA62C53B3A300DEBB4E /* Resources */ = {
			isa = PBXResourcesBuildPhase;
			buildActionMask = 2147483647;
			files = (
				E0033CB32C53B3A500DEBB4E /* Preview Assets.xcassets in Resources */,
				E0033CB02C53B3A500DEBB4E /* Assets.xcassets in Resources */,
			);
			runOnlyForDeploymentPostprocessing = 0;
		};
		E0033CC22C53BBAD00DEBB4E /* Resources */ = {
			isa = PBXResourcesBuildPhase;
			buildActionMask = 2147483647;
			files = (
			);
			runOnlyForDeploymentPostprocessing = 0;
		};
/* End PBXResourcesBuildPhase section */

/* Begin PBXSourcesBuildPhase section */
		E0033CA42C53B3A300DEBB4E /* Sources */ = {
			isa = PBXSourcesBuildPhase;
			buildActionMask = 2147483647;
			files = (
				E0033CBF2C53B59F00DEBB4E /* AppDelegate.swift in Sources */,
				E0033CAE2C53B3A300DEBB4E /* ContentView.swift in Sources */,
				E0033CAC2C53B3A300DEBB4E /* pxiosdemoApp.swift in Sources */,
			);
			runOnlyForDeploymentPostprocessing = 0;
		};
		E0033CC02C53BBAD00DEBB4E /* Sources */ = {
			isa = PBXSourcesBuildPhase;
			buildActionMask = 2147483647;
			files = (
				E0033CC72C53BBAD00DEBB4E /* NotificationService.swift in Sources */,
			);
			runOnlyForDeploymentPostprocessing = 0;
		};
/* End PBXSourcesBuildPhase section */

/* Begin PBXTargetDependency section */
		E0033CCA2C53BBAD00DEBB4E /* PBXTargetDependency */ = {
			isa = PBXTargetDependency;
			target = E0033CC32C53BBAD00DEBB4E /* notificationsvc */;
			targetProxy = E0033CC92C53BBAD00DEBB4E /* PBXContainerItemProxy */;
		};
/* End PBXTargetDependency section */

/* Begin XCBuildConfiguration section */
		E0033CB42C53B3A500DEBB4E /* Debug */ = {
			isa = XCBuildConfiguration;
			buildSettings = {
				ALWAYS_SEARCH_USER_PATHS = NO;
				ASSETCATALOG_COMPILER_GENERATE_SWIFT_ASSET_SYMBOL_EXTENSIONS = YES;
				CLANG_ANALYZER_NONNULL = YES;
				CLANG_ANALYZER_NUMBER_OBJECT_CONVERSION = YES_AGGRESSIVE;
				CLANG_CXX_LANGUAGE_STANDARD = "gnu++20";
				CLANG_ENABLE_MODULES = YES;
				CLANG_ENABLE_OBJC_ARC = YES;
				CLANG_ENABLE_OBJC_WEAK = YES;
				CLANG_WARN_BLOCK_CAPTURE_AUTORELEASING = YES;
				CLANG_WARN_BOOL_CONVERSION = YES;
				CLANG_WARN_COMMA = YES;
				CLANG_WARN_CONSTANT_CONVERSION = YES;
				CLANG_WARN_DEPRECATED_OBJC_IMPLEMENTATIONS = YES;
				CLANG_WARN_DIRECT_OBJC_ISA_USAGE = YES_ERROR;
				CLANG_WARN_DOCUMENTATION_COMMENTS = YES;
				CLANG_WARN_EMPTY_BODY = YES;
				CLANG_WARN_ENUM_CONVERSION = YES;
				CLANG_WARN_INFINITE_RECURSION = YES;
				CLANG_WARN_INT_CONVERSION = YES;
				CLANG_WARN_NON_LITERAL_NULL_CONVERSION = YES;
				CLANG_WARN_OBJC_IMPLICIT_RETAIN_SELF = YES;
				CLANG_WARN_OBJC_LITERAL_CONVERSION = YES;
				CLANG_WARN_OBJC_ROOT_CLASS = YES_ERROR;
				CLANG_WARN_QUOTED_INCLUDE_IN_FRAMEWORK_HEADER = YES;
				CLANG_WARN_RANGE_LOOP_ANALYSIS = YES;
				CLANG_WARN_STRICT_PROTOTYPES = YES;
				CLANG_WARN_SUSPICIOUS_MOVE = YES;
				CLANG_WARN_UNGUARDED_AVAILABILITY = YES_AGGRESSIVE;
				CLANG_WARN_UNREACHABLE_CODE = YES;
				CLANG_WARN__DUPLICATE_METHOD_MATCH = YES;
				COPY_PHASE_STRIP = NO;
				DEBUG_INFORMATION_FORMAT = dwarf;
				ENABLE_STRICT_OBJC_MSGSEND = YES;
				ENABLE_TESTABILITY = YES;
				ENABLE_USER_SCRIPT_SANDBOXING = YES;
				GCC_C_LANGUAGE_STANDARD = gnu17;
				GCC_DYNAMIC_NO_PIC = NO;
				GCC_NO_COMMON_BLOCKS = YES;
				GCC_OPTIMIZATION_LEVEL = 0;
				GCC_PREPROCESSOR_DEFINITIONS = (
					"DEBUG=1",
					"$(inherited)",
				);
				GCC_WARN_64_TO_32_BIT_CONVERSION = YES;
				GCC_WARN_ABOUT_RETURN_TYPE = YES_ERROR;
				GCC_WARN_UNDECLARED_SELECTOR = YES;
				GCC_WARN_UNINITIALIZED_AUTOS = YES_AGGRESSIVE;
				GCC_WARN_UNUSED_FUNCTION = YES;
				GCC_WARN_UNUSED_VARIABLE = YES;
				IPHONEOS_DEPLOYMENT_TARGET = 17.5;
				LOCALIZATION_PREFERS_STRING_CATALOGS = YES;
				MTL_ENABLE_DEBUG_INFO = INCLUDE_SOURCE;
				MTL_FAST_MATH = YES;
				ONLY_ACTIVE_ARCH = YES;
				SDKROOT = iphoneos;
				SWIFT_ACTIVE_COMPILATION_CONDITIONS = "DEBUG $(inherited)";
				SWIFT_OPTIMIZATION_LEVEL = "-Onone";
			};
			name = Debug;
		};
		E0033CB52C53B3A500DEBB4E /* Release */ = {
			isa = XCBuildConfiguration;
			buildSettings = {
				ALWAYS_SEARCH_USER_PATHS = NO;
				ASSETCATALOG_COMPILER_GENERATE_SWIFT_ASSET_SYMBOL_EXTENSIONS = YES;
				CLANG_ANALYZER_NONNULL = YES;
				CLANG_ANALYZER_NUMBER_OBJECT_CONVERSION = YES_AGGRESSIVE;
				CLANG_CXX_LANGUAGE_STANDARD = "gnu++20";
				CLANG_ENABLE_MODULES = YES;
				CLANG_ENABLE_OBJC_ARC = YES;
				CLANG_ENABLE_OBJC_WEAK = YES;
				CLANG_WARN_BLOCK_CAPTURE_AUTORELEASING = YES;
				CLANG_WARN_BOOL_CONVERSION = YES;
				CLANG_WARN_COMMA = YES;
				CLANG_WARN_CONSTANT_CONVERSION = YES;
				CLANG_WARN_DEPRECATED_OBJC_IMPLEMENTATIONS = YES;
				CLANG_WARN_DIRECT_OBJC_ISA_USAGE = YES_ERROR;
				CLANG_WARN_DOCUMENTATION_COMMENTS = YES;
				CLANG_WARN_EMPTY_BODY = YES;
				CLANG_WARN_ENUM_CONVERSION = YES;
				CLANG_WARN_INFINITE_RECURSION = YES;
				CLANG_WARN_INT_CONVERSION = YES;
				CLANG_WARN_NON_LITERAL_NULL_CONVERSION = YES;
				CLANG_WARN_OBJC_IMPLICIT_RETAIN_SELF = YES;
				CLANG_WARN_OBJC_LITERAL_CONVERSION = YES;
				CLANG_WARN_OBJC_ROOT_CLASS = YES_ERROR;
				CLANG_WARN_QUOTED_INCLUDE_IN_FRAMEWORK_HEADER = YES;
				CLANG_WARN_RANGE_LOOP_ANALYSIS = YES;
				CLANG_WARN_STRICT_PROTOTYPES = YES;
				CLANG_WARN_SUSPICIOUS_MOVE = YES;
				CLANG_WARN_UNGUARDED_AVAILABILITY = YES_AGGRESSIVE;
				CLANG_WARN_UNREACHABLE_CODE = YES;
				CLANG_WARN__DUPLICATE_METHOD_MATCH = YES;
				COPY_PHASE_STRIP = NO;
				DEBUG_INFORMATION_FORMAT = "dwarf-with-dsym";
				ENABLE_NS_ASSERTIONS = NO;
				ENABLE_STRICT_OBJC_MSGSEND = YES;
				ENABLE_USER_SCRIPT_SANDBOXING = YES;
				GCC_C_LANGUAGE_STANDARD = gnu17;
				GCC_NO_COMMON_BLOCKS = YES;
				GCC_WARN_64_TO_32_BIT_CONVERSION = YES;
				GCC_WARN_ABOUT_RETURN_TYPE = YES_ERROR;
				GCC_WARN_UNDECLARED_SELECTOR = YES;
				GCC_WARN_UNINITIALIZED_AUTOS = YES_AGGRESSIVE;
				GCC_WARN_UNUSED_FUNCTION = YES;
				GCC_WARN_UNUSED_VARIABLE = YES;
				IPHONEOS_DEPLOYMENT_TARGET = 17.5;
				LOCALIZATION_PREFERS_STRING_CATALOGS = YES;
				MTL_ENABLE_DEBUG_INFO = NO;
				MTL_FAST_MATH = YES;
				SDKROOT = iphoneos;
				SWIFT_COMPILATION_MODE = wholemodule;
				VALIDATE_PRODUCT = YES;
			};
			name = Release;
		};
		E0033CB72C53B3A500DEBB4E /* Debug */ = {
			isa = XCBuildConfiguration;
			buildSettings = {
				ALWAYS_EMBED_SWIFT_STANDARD_LIBRARIES = YES;
				ASSETCATALOG_COMPILER_APPICON_NAME = AppIcon;
				ASSETCATALOG_COMPILER_GLOBAL_ACCENT_COLOR_NAME = AccentColor;
				CODE_SIGN_ENTITLEMENTS = pxiosdemo/pxiosdemo.entitlements;
				CODE_SIGN_STYLE = Automatic;
				CURRENT_PROJECT_VERSION = 1;
				DEVELOPMENT_ASSET_PATHS = "\"pxiosdemo/Preview Content\"";
				DEVELOPMENT_TEAM = Q9KXCQ4L72;
				ENABLE_PREVIEWS = YES;
				GENERATE_INFOPLIST_FILE = YES;
				INFOPLIST_FILE = pxiosdemo/Info.plist;
				INFOPLIST_KEY_UIApplicationSceneManifest_Generation = YES;
				INFOPLIST_KEY_UIApplicationSupportsIndirectInputEvents = YES;
				INFOPLIST_KEY_UILaunchScreen_Generation = YES;
				INFOPLIST_KEY_UISupportedInterfaceOrientations_iPad = "UIInterfaceOrientationPortrait UIInterfaceOrientationPortraitUpsideDown UIInterfaceOrientationLandscapeLeft UIInterfaceOrientationLandscapeRight";
				INFOPLIST_KEY_UISupportedInterfaceOrientations_iPhone = "UIInterfaceOrientationPortrait UIInterfaceOrientationLandscapeLeft UIInterfaceOrientationLandscapeRight";
				LD_RUNPATH_SEARCH_PATHS = (
					"$(inherited)",
					"@executable_path/Frameworks",
				);
				MARKETING_VERSION = 1.0;
				PRODUCT_BUNDLE_IDENTIFIER = com.pushexpress.pxiosdemo;
				PRODUCT_NAME = "$(TARGET_NAME)";
				SWIFT_EMIT_LOC_STRINGS = YES;
				SWIFT_VERSION = 5.0;
				TARGETED_DEVICE_FAMILY = "1,2";
			};
			name = Debug;
		};
		E0033CB82C53B3A500DEBB4E /* Release */ = {
			isa = XCBuildConfiguration;
			buildSettings = {
				ALWAYS_EMBED_SWIFT_STANDARD_LIBRARIES = YES;
				ASSETCATALOG_COMPILER_APPICON_NAME = AppIcon;
				ASSETCATALOG_COMPILER_GLOBAL_ACCENT_COLOR_NAME = AccentColor;
				CODE_SIGN_ENTITLEMENTS = pxiosdemo/pxiosdemo.entitlements;
				CODE_SIGN_STYLE = Automatic;
				CURRENT_PROJECT_VERSION = 1;
				DEVELOPMENT_ASSET_PATHS = "\"pxiosdemo/Preview Content\"";
				DEVELOPMENT_TEAM = Q9KXCQ4L72;
				ENABLE_PREVIEWS = YES;
				GENERATE_INFOPLIST_FILE = YES;
				INFOPLIST_FILE = pxiosdemo/Info.plist;
				INFOPLIST_KEY_UIApplicationSceneManifest_Generation = YES;
				INFOPLIST_KEY_UIApplicationSupportsIndirectInputEvents = YES;
				INFOPLIST_KEY_UILaunchScreen_Generation = YES;
				INFOPLIST_KEY_UISupportedInterfaceOrientations_iPad = "UIInterfaceOrientationPortrait UIInterfaceOrientationPortraitUpsideDown UIInterfaceOrientationLandscapeLeft UIInterfaceOrientationLandscapeRight";
				INFOPLIST_KEY_UISupportedInterfaceOrientations_iPhone = "UIInterfaceOrientationPortrait UIInterfaceOrientationLandscapeLeft UIInterfaceOrientationLandscapeRight";
				LD_RUNPATH_SEARCH_PATHS = (
					"$(inherited)",
					"@executable_path/Frameworks",
				);
				MARKETING_VERSION = 1.0;
				PRODUCT_BUNDLE_IDENTIFIER = com.pushexpress.pxiosdemo;
				PRODUCT_NAME = "$(TARGET_NAME)";
				SWIFT_EMIT_LOC_STRINGS = YES;
				SWIFT_VERSION = 5.0;
				TARGETED_DEVICE_FAMILY = "1,2";
			};
			name = Release;
		};
		E0033CCD2C53BBAD00DEBB4E /* Debug */ = {
			isa = XCBuildConfiguration;
			buildSettings = {
				CODE_SIGN_STYLE = Automatic;
				CURRENT_PROJECT_VERSION = 1;
				DEVELOPMENT_TEAM = Q9KXCQ4L72;
				GENERATE_INFOPLIST_FILE = YES;
				INFOPLIST_FILE = notificationsvc/Info.plist;
				INFOPLIST_KEY_CFBundleDisplayName = notificationsvc;
				INFOPLIST_KEY_NSHumanReadableCopyright = "";
				LD_RUNPATH_SEARCH_PATHS = (
					"$(inherited)",
					"@executable_path/Frameworks",
					"@executable_path/../../Frameworks",
				);
				MARKETING_VERSION = 1.0;
				PRODUCT_BUNDLE_IDENTIFIER = com.pushexpress.pxiosdemo.notificationsvc;
				PRODUCT_NAME = "$(TARGET_NAME)";
				SKIP_INSTALL = YES;
				SWIFT_EMIT_LOC_STRINGS = YES;
				SWIFT_VERSION = 5.0;
				TARGETED_DEVICE_FAMILY = "1,2";
			};
			name = Debug;
		};
		E0033CCE2C53BBAD00DEBB4E /* Release */ = {
			isa = XCBuildConfiguration;
			buildSettings = {
				CODE_SIGN_STYLE = Automatic;
				CURRENT_PROJECT_VERSION = 1;
				DEVELOPMENT_TEAM = Q9KXCQ4L72;
				GENERATE_INFOPLIST_FILE = YES;
				INFOPLIST_FILE = notificationsvc/Info.plist;
				INFOPLIST_KEY_CFBundleDisplayName = notificationsvc;
				INFOPLIST_KEY_NSHumanReadableCopyright = "";
				LD_RUNPATH_SEARCH_PATHS = (
					"$(inherited)",
					"@executable_path/Frameworks",
					"@executable_path/../../Frameworks",
				);
				MARKETING_VERSION = 1.0;
				PRODUCT_BUNDLE_IDENTIFIER = com.pushexpress.pxiosdemo.notificationsvc;
				PRODUCT_NAME = "$(TARGET_NAME)";
				SKIP_INSTALL = YES;
				SWIFT_EMIT_LOC_STRINGS = YES;
				SWIFT_VERSION = 5.0;
				TARGETED_DEVICE_FAMILY = "1,2";
			};
			name = Release;
		};
/* End XCBuildConfiguration section */

/* Begin XCConfigurationList section */
		E0033CA32C53B3A300DEBB4E /* Build configuration list for PBXProject "pxiosdemo" */ = {
			isa = XCConfigurationList;
			buildConfigurations = (
				E0033CB42C53B3A500DEBB4E /* Debug */,
				E0033CB52C53B3A500DEBB4E /* Release */,
			);
			defaultConfigurationIsVisible = 0;
			defaultConfigurationName = Release;
		};
		E0033CB62C53B3A500DEBB4E /* Build configuration list for PBXNativeTarget "pxiosdemo" */ = {
			isa = XCConfigurationList;
			buildConfigurations = (
				E0033CB72C53B3A500DEBB4E /* Debug */,
				E0033CB82C53B3A500DEBB4E /* Release */,
			);
			defaultConfigurationIsVisible = 0;
			defaultConfigurationName = Release;
		};
		E0033CCC2C53BBAD00DEBB4E /* Build configuration list for PBXNativeTarget "notificationsvc" */ = {
			isa = XCConfigurationList;
			buildConfigurations = (
				E0033CCD2C53BBAD00DEBB4E /* Debug */,
				E0033CCE2C53BBAD00DEBB4E /* Release */,
			);
			defaultConfigurationIsVisible = 0;
			defaultConfigurationName = Release;
		};
/* End XCConfigurationList section */

/* Begin XCRemoteSwiftPackageReference section */
		E0033CBB2C53B54700DEBB4E /* XCRemoteSwiftPackageReference "pushexpress-swift-sdk" */ = {
			isa = XCRemoteSwiftPackageReference;
			repositoryURL = "https://github.com/pushexpress/pushexpress-swift-sdk";
			requirement = {
				kind = upToNextMajorVersion;
				minimumVersion = 1.0.0;
			};
		};
/* End XCRemoteSwiftPackageReference section */

/* Begin XCSwiftPackageProductDependency section */
		E0033CBC2C53B54700DEBB4E /* SdkPushExpress */ = {
			isa = XCSwiftPackageProductDependency;
			package = E0033CBB2C53B54700DEBB4E /* XCRemoteSwiftPackageReference "pushexpress-swift-sdk" */;
			productName = SdkPushExpress;
		};
		E0033CD32C53BCEE00DEBB4E /* SdkPushExpress */ = {
			isa = XCSwiftPackageProductDependency;
			package = E0033CBB2C53B54700DEBB4E /* XCRemoteSwiftPackageReference "pushexpress-swift-sdk" */;
			productName = SdkPushExpress;
		};
/* End XCSwiftPackageProductDependency section */
	};
	rootObject = E0033CA02C53B3A300DEBB4E /* Project object */;
}
