{
  "originHash" : "4c2c7e5790073b07c0dc37ab53124cf2996fb27c3e0a29209a1cd01ea704d387",
  "pins" : [
    {
      "identity" : "pushexpress-swift-sdk",
      "kind" : "remoteSourceControl",
      "location" : "https://github.com/pushexpress/pushexpress-swift-sdk",
      "state" : {
        "revision" : "5c5bb30553adb1f4aedbdeb840497bcceb0445da",
        "version" : "1.1.2"
      }
    }
  ],
  "version" : 3
}
