{
  "originHash" : "4c2c7e5790073b07c0dc37ab53124cf2996fb27c3e0a29209a1cd01ea704d387",
  "pins" : [
    {
      "identity" : "pushexpress-swift-sdk",
      "kind" : "remoteSourceControl",
      "location" : "https://github.com/pushexpress/pushexpress-swift-sdk",
      "state" : {
        "revision" : "adc3ffa122bae3a2ff6c129f9bc6e4664c63f3d1",
        "version" : "1.0.1"
      }
    }
  ],
  "version" : 3
}
